
Microsoft Visual Studio Solution File, Format Version 12.00
# Visual Studio Version 17
VisualStudioVersion = 17.3.32811.315
MinimumVisualStudioVersion = 10.0.40219.1
Project("{FAE04EC0-301F-11D3-BF4B-00C04F79EFBC}") = "EFcore", "EFcore.csproj", "{70047917-680C-4211-B109-96B7B5E26D71}"
EndProject
Global
	GlobalSection(SolutionConfigurationPlatforms) = preSolution
		Debug|Any CPU = Debug|Any CPU
		Release|Any CPU = Release|Any CPU
	EndGlobalSection
	GlobalSection(ProjectConfigurationPlatforms) = postSolution
		{70047917-680C-4211-B109-96B7B5E26D71}.Debug|Any CPU.ActiveCfg = Debug|Any CPU
		{70047917-680C-4211-B109-96B7B5E26D71}.Debug|Any CPU.Build.0 = Debug|Any CPU
		{70047917-680C-4211-B109-96B7B5E26D71}.Release|Any CPU.ActiveCfg = Release|Any CPU
		{70047917-680C-4211-B109-96B7B5E26D71}.Release|Any CPU.Build.0 = Release|Any CPU
	EndGlobalSection
	GlobalSection(SolutionProperties) = preSolution
		HideSolutionNode = FALSE
	EndGlobalSection
	GlobalSection(ExtensibilityGlobals) = postSolution
		SolutionGuid = {5646E8C7-2324-4070-A186-72A6A03C1640}
	EndGlobalSection
EndGlobal
