
Microsoft Visual Studio Solution File, Format Version 12.00
# Visual Studio Version 17
VisualStudioVersion = 17.3.32811.315
MinimumVisualStudioVersion = 10.0.40219.1
Project("{FAE04EC0-301F-11D3-BF4B-00C04F79EFBC}") = "Tracingwebapi", "Tracingwebapi.csproj", "{500A095E-0B9B-47ED-B3F5-C37813B8A6DA}"
EndProject
Global
	GlobalSection(SolutionConfigurationPlatforms) = preSolution
		Debug|Any CPU = Debug|Any CPU
		Release|Any CPU = Release|Any CPU
	EndGlobalSection
	GlobalSection(ProjectConfigurationPlatforms) = postSolution
		{500A095E-0B9B-47ED-B3F5-C37813B8A6DA}.Debug|Any CPU.ActiveCfg = Debug|Any CPU
		{500A095E-0B9B-47ED-B3F5-C37813B8A6DA}.Debug|Any CPU.Build.0 = Debug|Any CPU
		{500A095E-0B9B-47ED-B3F5-C37813B8A6DA}.Release|Any CPU.ActiveCfg = Release|Any CPU
		{500A095E-0B9B-47ED-B3F5-C37813B8A6DA}.Release|Any CPU.Build.0 = Release|Any CPU
	EndGlobalSection
	GlobalSection(SolutionProperties) = preSolution
		HideSolutionNode = FALSE
	EndGlobalSection
	GlobalSection(ExtensibilityGlobals) = postSolution
		SolutionGuid = {69836A51-BD99-4D09-9B77-B7F848F5ADB3}
	EndGlobalSection
EndGlobal
